# THIS IS AN AUTOGENERATED FILE. DO NOT EDIT THIS FILE DIRECTLY.
# yarn lockfile v1


fs@^0.0.1-security:
  version "0.0.1-security"
  resolved "https://registry.yarnpkg.com/fs/-/fs-0.0.1-security.tgz#8a7bd37186b6dddf3813f23858b57ecaaf5e41d4"
  integrity sha1-invTcYa23d84E/I4WLV+yq9eQdQ=

nodemailer@6.1.0:
  version "6.1.0"
  resolved "https://registry.yarnpkg.com/nodemailer/-/nodemailer-6.1.0.tgz#81a918857f2f157b66bdaca528b83682505ba98f"
  integrity sha512-mzKGT5Q1PY84v6oRVjy88ymMDLUbPqvIr26n9Uy3j2nXzdhKWx1z4GLSHOyX8655zMkQng1MFR3lK+cE1egS6Q==
